
Microsoft Visual Studio Solution File, Format Version 12.00
# Visual Studio Version 17
VisualStudioVersion = 17.6.33815.320
MinimumVisualStudioVersion = 10.0.40219.1
Project("{2150E333-8FDC-42A3-9474-1A3956D46DE8}") = "src", "src", "{647B322A-A608-43D0-96BF-5D24C5983884}"
EndProject
Project("{2150E333-8FDC-42A3-9474-1A3956D46DE8}") = "tests", "tests", "{A47AADF0-6C36-406D-841E-F6FE95F27AC9}"
EndProject
Project("{2150E333-8FDC-42A3-9474-1A3956D46DE8}") = "API", "API", "{D36A183E-445A-4BD8-AF86-0237176F717C}"
EndProject
Project("{2150E333-8FDC-42A3-9474-1A3956D46DE8}") = "Infrastructure", "Infrastructure", "{B0AC3AD0-C4DB-46DA-BD04-5C96CE4F72A9}"
EndProject
Project("{2150E333-8FDC-42A3-9474-1A3956D46DE8}") = "Core", "Core", "{153CF9A7-11C7-4C71-9883-51A8F2404464}"
EndProject
Project("{FAE04EC0-301F-11D3-BF4B-00C04F79EFBC}") = "ECX.Website.Persistence", "ECX.Website.Persistence\ECX.Website.Persistence.csproj", "{F06545AB-5A62-46B3-BF2B-A7F0E6028471}"
EndProject
Project("{FAE04EC0-301F-11D3-BF4B-00C04F79EFBC}") = "ECX.Website.Infrastructure", "ECX.Website.Infrastructure\ECX.Website.Infrastructure.csproj", "{6E977158-0D26-4EF3-AF95-41CB0F85290D}"
EndProject
Project("{FAE04EC0-301F-11D3-BF4B-00C04F79EFBC}") = "ECX.Website.Domain", "ECX.Website.Domain\ECX.Website.Domain.csproj", "{01044E39-6081-44AD-8F3C-C50D9E0CC167}"
EndProject
Project("{FAE04EC0-301F-11D3-BF4B-00C04F79EFBC}") = "ECX.Website.Application", "ECX.Website.Application\ECX.Website.Application.csproj", "{B8AE6BCB-4BBB-4E0C-AC98-DE02AE0413D2}"
EndProject
Project("{FAE04EC0-301F-11D3-BF4B-00C04F79EFBC}") = "ECX.Website.API", "ECX.Website.API\ECX.Website.API.csproj", "{452747CB-D12F-40FD-BD39-44B59725BE01}"
EndProject
Global
	GlobalSection(SolutionConfigurationPlatforms) = preSolution
		Debug|Any CPU = Debug|Any CPU
		Release|Any CPU = Release|Any CPU
	EndGlobalSection
	GlobalSection(ProjectConfigurationPlatforms) = postSolution
		{F06545AB-5A62-46B3-BF2B-A7F0E6028471}.Debug|Any CPU.ActiveCfg = Debug|Any CPU
		{F06545AB-5A62-46B3-BF2B-A7F0E6028471}.Debug|Any CPU.Build.0 = Debug|Any CPU
		{F06545AB-5A62-46B3-BF2B-A7F0E6028471}.Release|Any CPU.ActiveCfg = Release|Any CPU
		{F06545AB-5A62-46B3-BF2B-A7F0E6028471}.Release|Any CPU.Build.0 = Release|Any CPU
		{6E977158-0D26-4EF3-AF95-41CB0F85290D}.Debug|Any CPU.ActiveCfg = Debug|Any CPU
		{6E977158-0D26-4EF3-AF95-41CB0F85290D}.Debug|Any CPU.Build.0 = Debug|Any CPU
		{6E977158-0D26-4EF3-AF95-41CB0F85290D}.Release|Any CPU.ActiveCfg = Release|Any CPU
		{6E977158-0D26-4EF3-AF95-41CB0F85290D}.Release|Any CPU.Build.0 = Release|Any CPU
		{01044E39-6081-44AD-8F3C-C50D9E0CC167}.Debug|Any CPU.ActiveCfg = Debug|Any CPU
		{01044E39-6081-44AD-8F3C-C50D9E0CC167}.Debug|Any CPU.Build.0 = Debug|Any CPU
		{01044E39-6081-44AD-8F3C-C50D9E0CC167}.Release|Any CPU.ActiveCfg = Release|Any CPU
		{01044E39-6081-44AD-8F3C-C50D9E0CC167}.Release|Any CPU.Build.0 = Release|Any CPU
		{B8AE6BCB-4BBB-4E0C-AC98-DE02AE0413D2}.Debug|Any CPU.ActiveCfg = Debug|Any CPU
		{B8AE6BCB-4BBB-4E0C-AC98-DE02AE0413D2}.Debug|Any CPU.Build.0 = Debug|Any CPU
		{B8AE6BCB-4BBB-4E0C-AC98-DE02AE0413D2}.Release|Any CPU.ActiveCfg = Release|Any CPU
		{B8AE6BCB-4BBB-4E0C-AC98-DE02AE0413D2}.Release|Any CPU.Build.0 = Release|Any CPU
		{452747CB-D12F-40FD-BD39-44B59725BE01}.Debug|Any CPU.ActiveCfg = Debug|Any CPU
		{452747CB-D12F-40FD-BD39-44B59725BE01}.Debug|Any CPU.Build.0 = Debug|Any CPU
		{452747CB-D12F-40FD-BD39-44B59725BE01}.Release|Any CPU.ActiveCfg = Release|Any CPU
		{452747CB-D12F-40FD-BD39-44B59725BE01}.Release|Any CPU.Build.0 = Release|Any CPU
	EndGlobalSection
	GlobalSection(SolutionProperties) = preSolution
		HideSolutionNode = FALSE
	EndGlobalSection
	GlobalSection(NestedProjects) = preSolution
		{D36A183E-445A-4BD8-AF86-0237176F717C} = {647B322A-A608-43D0-96BF-5D24C5983884}
		{B0AC3AD0-C4DB-46DA-BD04-5C96CE4F72A9} = {647B322A-A608-43D0-96BF-5D24C5983884}
		{153CF9A7-11C7-4C71-9883-51A8F2404464} = {647B322A-A608-43D0-96BF-5D24C5983884}
		{F06545AB-5A62-46B3-BF2B-A7F0E6028471} = {B0AC3AD0-C4DB-46DA-BD04-5C96CE4F72A9}
		{6E977158-0D26-4EF3-AF95-41CB0F85290D} = {B0AC3AD0-C4DB-46DA-BD04-5C96CE4F72A9}
		{01044E39-6081-44AD-8F3C-C50D9E0CC167} = {153CF9A7-11C7-4C71-9883-51A8F2404464}
		{B8AE6BCB-4BBB-4E0C-AC98-DE02AE0413D2} = {153CF9A7-11C7-4C71-9883-51A8F2404464}
		{452747CB-D12F-40FD-BD39-44B59725BE01} = {D36A183E-445A-4BD8-AF86-0237176F717C}
	EndGlobalSection
	GlobalSection(ExtensibilityGlobals) = postSolution
		SolutionGuid = {690A9112-FB85-4D5A-BECC-239120265726}
	EndGlobalSection
EndGlobal
